// !$*UTF8*$!
{
	archiveVersion = 1;
	classes = {
	};
	objectVersion = 46;
	objects = {

/* Begin PBXBuildFile section */
		4A4103B819690EEB003A8204 /* Vertex.m in Sources */ = {isa = PBXBuildFile; fileRef = 4A4103B719690EEB003A8204 /* Vertex.m */; };
		4A4103BB19692896003A8204 /* Dot.m in Sources */ = {isa = PBXBuildFile; fileRef = 4A4103BA19692896003A8204 /* Dot.m */; };
		4A4103C419693BBF003A8204 /* Stroke.m in Sources */ = {isa = PBXBuildFile; fileRef = 4A4103C319693BBF003A8204 /* Stroke.m */; };
		4A5873E6196B8B9800F64013 /* CanvasViewGenerator.m in Sources */ = {isa = PBXBuildFile; fileRef = 4A5873E5196B8B9800F64013 /* CanvasViewGenerator.m */; };
		4A5873E9196B8CA800F64013 /* CanvasView.m in Sources */ = {isa = PBXBuildFile; fileRef = 4A5873E8196B8CA800F64013 /* CanvasView.m */; };
		4A5873EF196B94EB00F64013 /* PaperCanvasView.m in Sources */ = {isa = PBXBuildFile; fileRef = 4A5873EE196B94EB00F64013 /* PaperCanvasView.m */; };
		4A5873F2196B950700F64013 /* ClothCanvasView.m in Sources */ = {isa = PBXBuildFile; fileRef = 4A5873F1196B950700F64013 /* ClothCanvasView.m */; };
		4A5873F5196B95F000F64013 /* PaperCanvasViewGenerator.m in Sources */ = {isa = PBXBuildFile; fileRef = 4A5873F4196B95F000F64013 /* PaperCanvasViewGenerator.m */; };
		4A5873F8196B960400F64013 /* ClothCanvasViewGenerator.m in Sources */ = {isa = PBXBuildFile; fileRef = 4A5873F7196B960400F64013 /* ClothCanvasViewGenerator.m */; };
		4A5873FB196B980F00F64013 /* CanvasViewController.m in Sources */ = {isa = PBXBuildFile; fileRef = 4A5873FA196B980F00F64013 /* CanvasViewController.m */; };
		4AE98BC0196909580080A597 /* Foundation.framework in Frameworks */ = {isa = PBXBuildFile; fileRef = 4AE98BBF196909580080A597 /* Foundation.framework */; };
		4AE98BC2196909580080A597 /* CoreGraphics.framework in Frameworks */ = {isa = PBXBuildFile; fileRef = 4AE98BC1196909580080A597 /* CoreGraphics.framework */; };
		4AE98BC4196909580080A597 /* UIKit.framework in Frameworks */ = {isa = PBXBuildFile; fileRef = 4AE98BC3196909580080A597 /* UIKit.framework */; };
		4AE98BCA196909580080A597 /* InfoPlist.strings in Resources */ = {isa = PBXBuildFile; fileRef = 4AE98BC8196909580080A597 /* InfoPlist.strings */; };
		4AE98BCC196909580080A597 /* main.m in Sources */ = {isa = PBXBuildFile; fileRef = 4AE98BCB196909580080A597 /* main.m */; };
		4AE98BD0196909580080A597 /* AppDelegate.m in Sources */ = {isa = PBXBuildFile; fileRef = 4AE98BCF196909580080A597 /* AppDelegate.m */; };
		4AE98BD2196909580080A597 /* Images.xcassets in Resources */ = {isa = PBXBuildFile; fileRef = 4AE98BD1196909580080A597 /* Images.xcassets */; };
		4AE98BD9196909580080A597 /* XCTest.framework in Frameworks */ = {isa = PBXBuildFile; fileRef = 4AE98BD8196909580080A597 /* XCTest.framework */; };
		4AE98BDA196909580080A597 /* Foundation.framework in Frameworks */ = {isa = PBXBuildFile; fileRef = 4AE98BBF196909580080A597 /* Foundation.framework */; };
		4AE98BDB196909580080A597 /* UIKit.framework in Frameworks */ = {isa = PBXBuildFile; fileRef = 4AE98BC3196909580080A597 /* UIKit.framework */; };
		4AE98BE3196909580080A597 /* InfoPlist.strings in Resources */ = {isa = PBXBuildFile; fileRef = 4AE98BE1196909580080A597 /* InfoPlist.strings */; };
		4AE98BE5196909580080A597 /* ScribbbbbleTests.m in Sources */ = {isa = PBXBuildFile; fileRef = 4AE98BE4196909580080A597 /* ScribbbbbleTests.m */; };
/* End PBXBuildFile section */

/* Begin PBXContainerItemProxy section */
		4AE98BDC196909580080A597 /* PBXContainerItemProxy */ = {
			isa = PBXContainerItemProxy;
			containerPortal = 4AE98BB4196909580080A597 /* Project object */;
			proxyType = 1;
			remoteGlobalIDString = 4AE98BBB196909580080A597;
			remoteInfo = Scribbbbble;
		};
/* End PBXContainerItemProxy section */

/* Begin PBXFileReference section */
		4A4103B519690AF8003A8204 /* Mark.h */ = {isa = PBXFileReference; lastKnownFileType = sourcecode.c.h; path = Mark.h; sourceTree = "<group>"; };
		4A4103B619690EEB003A8204 /* Vertex.h */ = {isa = PBXFileReference; fileEncoding = 4; lastKnownFileType = sourcecode.c.h; path = Vertex.h; sourceTree = "<group>"; };
		4A4103B719690EEB003A8204 /* Vertex.m */ = {isa = PBXFileReference; fileEncoding = 4; lastKnownFileType = sourcecode.c.objc; path = Vertex.m; sourceTree = "<group>"; };
		4A4103B919692896003A8204 /* Dot.h */ = {isa = PBXFileReference; fileEncoding = 4; lastKnownFileType = sourcecode.c.h; path = Dot.h; sourceTree = "<group>"; };
		4A4103BA19692896003A8204 /* Dot.m */ = {isa = PBXFileReference; fileEncoding = 4; lastKnownFileType = sourcecode.c.objc; path = Dot.m; sourceTree = "<group>"; };
		4A4103C219693BBF003A8204 /* Stroke.h */ = {isa = PBXFileReference; fileEncoding = 4; lastKnownFileType = sourcecode.c.h; path = Stroke.h; sourceTree = "<group>"; };
		4A4103C319693BBF003A8204 /* Stroke.m */ = {isa = PBXFileReference; fileEncoding = 4; lastKnownFileType = sourcecode.c.objc; path = Stroke.m; sourceTree = "<group>"; };
		4A5873E4196B8B9800F64013 /* CanvasViewGenerator.h */ = {isa = PBXFileReference; fileEncoding = 4; lastKnownFileType = sourcecode.c.h; path = CanvasViewGenerator.h; sourceTree = "<group>"; };
		4A5873E5196B8B9800F64013 /* CanvasViewGenerator.m */ = {isa = PBXFileReference; fileEncoding = 4; lastKnownFileType = sourcecode.c.objc; path = CanvasViewGenerator.m; sourceTree = "<group>"; };
		4A5873E7196B8CA800F64013 /* CanvasView.h */ = {isa = PBXFileReference; fileEncoding = 4; lastKnownFileType = sourcecode.c.h; path = CanvasView.h; sourceTree = "<group>"; };
		4A5873E8196B8CA800F64013 /* CanvasView.m */ = {isa = PBXFileReference; fileEncoding = 4; lastKnownFileType = sourcecode.c.objc; path = CanvasView.m; sourceTree = "<group>"; };
		4A5873ED196B94EB00F64013 /* PaperCanvasView.h */ = {isa = PBXFileReference; fileEncoding = 4; lastKnownFileType = sourcecode.c.h; path = PaperCanvasView.h; sourceTree = "<group>"; };
		4A5873EE196B94EB00F64013 /* PaperCanvasView.m */ = {isa = PBXFileReference; fileEncoding = 4; lastKnownFileType = sourcecode.c.objc; path = PaperCanvasView.m; sourceTree = "<group>"; };
		4A5873F0196B950700F64013 /* ClothCanvasView.h */ = {isa = PBXFileReference; fileEncoding = 4; lastKnownFileType = sourcecode.c.h; path = ClothCanvasView.h; sourceTree = "<group>"; };
		4A5873F1196B950700F64013 /* ClothCanvasView.m */ = {isa = PBXFileReference; fileEncoding = 4; lastKnownFileType = sourcecode.c.objc; path = ClothCanvasView.m; sourceTree = "<group>"; };
		4A5873F3196B95F000F64013 /* PaperCanvasViewGenerator.h */ = {isa = PBXFileReference; fileEncoding = 4; lastKnownFileType = sourcecode.c.h; path = PaperCanvasViewGenerator.h; sourceTree = "<group>"; };
		4A5873F4196B95F000F64013 /* PaperCanvasViewGenerator.m */ = {isa = PBXFileReference; fileEncoding = 4; lastKnownFileType = sourcecode.c.objc; path = PaperCanvasViewGenerator.m; sourceTree = "<group>"; };
		4A5873F6196B960400F64013 /* ClothCanvasViewGenerator.h */ = {isa = PBXFileReference; fileEncoding = 4; lastKnownFileType = sourcecode.c.h; path = ClothCanvasViewGenerator.h; sourceTree = "<group>"; };
		4A5873F7196B960400F64013 /* ClothCanvasViewGenerator.m */ = {isa = PBXFileReference; fileEncoding = 4; lastKnownFileType = sourcecode.c.objc; path = ClothCanvasViewGenerator.m; sourceTree = "<group>"; };
		4A5873F9196B980F00F64013 /* CanvasViewController.h */ = {isa = PBXFileReference; fileEncoding = 4; lastKnownFileType = sourcecode.c.h; path = CanvasViewController.h; sourceTree = "<group>"; };
		4A5873FA196B980F00F64013 /* CanvasViewController.m */ = {isa = PBXFileReference; fileEncoding = 4; lastKnownFileType = sourcecode.c.objc; path = CanvasViewController.m; sourceTree = "<group>"; };
		4AE98BBC196909580080A597 /* Scribbbbble.app */ = {isa = PBXFileReference; explicitFileType = wrapper.application; includeInIndex = 0; path = Scribbbbble.app; sourceTree = BUILT_PRODUCTS_DIR; };
		4AE98BBF196909580080A597 /* Foundation.framework */ = {isa = PBXFileReference; lastKnownFileType = wrapper.framework; name = Foundation.framework; path = System/Library/Frameworks/Foundation.framework; sourceTree = SDKROOT; };
		4AE98BC1196909580080A597 /* CoreGraphics.framework */ = {isa = PBXFileReference; lastKnownFileType = wrapper.framework; name = CoreGraphics.framework; path = System/Library/Frameworks/CoreGraphics.framework; sourceTree = SDKROOT; };
		4AE98BC3196909580080A597 /* UIKit.framework */ = {isa = PBXFileReference; lastKnownFileType = wrapper.framework; name = UIKit.framework; path = System/Library/Frameworks/UIKit.framework; sourceTree = SDKROOT; };
		4AE98BC7196909580080A597 /* Scribbbbble-Info.plist */ = {isa = PBXFileReference; lastKnownFileType = text.plist.xml; path = "Scribbbbble-Info.plist"; sourceTree = "<group>"; };
		4AE98BC9196909580080A597 /* en */ = {isa = PBXFileReference; lastKnownFileType = text.plist.strings; name = en; path = en.lproj/InfoPlist.strings; sourceTree = "<group>"; };
		4AE98BCB196909580080A597 /* main.m */ = {isa = PBXFileReference; lastKnownFileType = sourcecode.c.objc; path = main.m; sourceTree = "<group>"; };
		4AE98BCD196909580080A597 /* Scribbbbble-Prefix.pch */ = {isa = PBXFileReference; lastKnownFileType = sourcecode.c.h; path = "Scribbbbble-Prefix.pch"; sourceTree = "<group>"; };
		4AE98BCE196909580080A597 /* AppDelegate.h */ = {isa = PBXFileReference; lastKnownFileType = sourcecode.c.h; path = AppDelegate.h; sourceTree = "<group>"; };
		4AE98BCF196909580080A597 /* AppDelegate.m */ = {isa = PBXFileReference; lastKnownFileType = sourcecode.c.objc; path = AppDelegate.m; sourceTree = "<group>"; };
		4AE98BD1196909580080A597 /* Images.xcassets */ = {isa = PBXFileReference; lastKnownFileType = folder.assetcatalog; path = Images.xcassets; sourceTree = "<group>"; };
		4AE98BD7196909580080A597 /* ScribbbbbleTests.xctest */ = {isa = PBXFileReference; explicitFileType = wrapper.cfbundle; includeInIndex = 0; path = ScribbbbbleTests.xctest; sourceTree = BUILT_PRODUCTS_DIR; };
		4AE98BD8196909580080A597 /* XCTest.framework */ = {isa = PBXFileReference; lastKnownFileType = wrapper.framework; name = XCTest.framework; path = Library/Frameworks/XCTest.framework; sourceTree = DEVELOPER_DIR; };
		4AE98BE0196909580080A597 /* ScribbbbbleTests-Info.plist */ = {isa = PBXFileReference; lastKnownFileType = text.plist.xml; path = "ScribbbbbleTests-Info.plist"; sourceTree = "<group>"; };
		4AE98BE2196909580080A597 /* en */ = {isa = PBXFileReference; lastKnownFileType = text.plist.strings; name = en; path = en.lproj/InfoPlist.strings; sourceTree = "<group>"; };
		4AE98BE4196909580080A597 /* ScribbbbbleTests.m */ = {isa = PBXFileReference; lastKnownFileType = sourcecode.c.objc; path = ScribbbbbleTests.m; sourceTree = "<group>"; };
/* End PBXFileReference section */

/* Begin PBXFrameworksBuildPhase section */
		4AE98BB9196909580080A597 /* Frameworks */ = {
			isa = PBXFrameworksBuildPhase;
			buildActionMask = 2147483647;
			files = (
				4AE98BC2196909580080A597 /* CoreGraphics.framework in Frameworks */,
				4AE98BC4196909580080A597 /* UIKit.framework in Frameworks */,
				4AE98BC0196909580080A597 /* Foundation.framework in Frameworks */,
			);
			runOnlyForDeploymentPostprocessing = 0;
		};
		4AE98BD4196909580080A597 /* Frameworks */ = {
			isa = PBXFrameworksBuildPhase;
			buildActionMask = 2147483647;
			files = (
				4AE98BD9196909580080A597 /* XCTest.framework in Frameworks */,
				4AE98BDB196909580080A597 /* UIKit.framework in Frameworks */,
				4AE98BDA196909580080A597 /* Foundation.framework in Frameworks */,
			);
			runOnlyForDeploymentPostprocessing = 0;
		};
/* End PBXFrameworksBuildPhase section */

/* Begin PBXGroup section */
		4AE98BB3196909580080A597 = {
			isa = PBXGroup;
			children = (
				4AE98BC5196909580080A597 /* Scribbbbble */,
				4AE98BDE196909580080A597 /* ScribbbbbleTests */,
				4AE98BBE196909580080A597 /* Frameworks */,
				4AE98BBD196909580080A597 /* Products */,
			);
			sourceTree = "<group>";
		};
		4AE98BBD196909580080A597 /* Products */ = {
			isa = PBXGroup;
			children = (
				4AE98BBC196909580080A597 /* Scribbbbble.app */,
				4AE98BD7196909580080A597 /* ScribbbbbleTests.xctest */,
			);
			name = Products;
			sourceTree = "<group>";
		};
		4AE98BBE196909580080A597 /* Frameworks */ = {
			isa = PBXGroup;
			children = (
				4AE98BBF196909580080A597 /* Foundation.framework */,
				4AE98BC1196909580080A597 /* CoreGraphics.framework */,
				4AE98BC3196909580080A597 /* UIKit.framework */,
				4AE98BD8196909580080A597 /* XCTest.framework */,
			);
			name = Frameworks;
			sourceTree = "<group>";
		};
		4AE98BC5196909580080A597 /* Scribbbbble */ = {
			isa = PBXGroup;
			children = (
				4AE98BCE196909580080A597 /* AppDelegate.h */,
				4AE98BCF196909580080A597 /* AppDelegate.m */,
				4A4103B519690AF8003A8204 /* Mark.h */,
				4A4103B619690EEB003A8204 /* Vertex.h */,
				4A4103B719690EEB003A8204 /* Vertex.m */,
				4A4103B919692896003A8204 /* Dot.h */,
				4A4103BA19692896003A8204 /* Dot.m */,
				4A4103C219693BBF003A8204 /* Stroke.h */,
				4A4103C319693BBF003A8204 /* Stroke.m */,
				4A5873E7196B8CA800F64013 /* CanvasView.h */,
				4A5873E8196B8CA800F64013 /* CanvasView.m */,
				4A5873ED196B94EB00F64013 /* PaperCanvasView.h */,
				4A5873EE196B94EB00F64013 /* PaperCanvasView.m */,
				4A5873F0196B950700F64013 /* ClothCanvasView.h */,
				4A5873F1196B950700F64013 /* ClothCanvasView.m */,
				4A5873E4196B8B9800F64013 /* CanvasViewGenerator.h */,
				4A5873E5196B8B9800F64013 /* CanvasViewGenerator.m */,
				4A5873F3196B95F000F64013 /* PaperCanvasViewGenerator.h */,
				4A5873F4196B95F000F64013 /* PaperCanvasViewGenerator.m */,
				4A5873F6196B960400F64013 /* ClothCanvasViewGenerator.h */,
				4A5873F7196B960400F64013 /* ClothCanvasViewGenerator.m */,
				4A5873F9196B980F00F64013 /* CanvasViewController.h */,
				4A5873FA196B980F00F64013 /* CanvasViewController.m */,
				4AE98BD1196909580080A597 /* Images.xcassets */,
				4AE98BC6196909580080A597 /* Supporting Files */,
			);
			path = Scribbbbble;
			sourceTree = "<group>";
		};
		4AE98BC6196909580080A597 /* Supporting Files */ = {
			isa = PBXGroup;
			children = (
				4AE98BC7196909580080A597 /* Scribbbbble-Info.plist */,
				4AE98BC8196909580080A597 /* InfoPlist.strings */,
				4AE98BCB196909580080A597 /* main.m */,
				4AE98BCD196909580080A597 /* Scribbbbble-Prefix.pch */,
			);
			name = "Supporting Files";
			sourceTree = "<group>";
		};
		4AE98BDE196909580080A597 /* ScribbbbbleTests */ = {
			isa = PBXGroup;
			children = (
				4AE98BE4196909580080A597 /* ScribbbbbleTests.m */,
				4AE98BDF196909580080A597 /* Supporting Files */,
			);
			path = ScribbbbbleTests;
			sourceTree = "<group>";
		};
		4AE98BDF196909580080A597 /* Supporting Files */ = {
			isa = PBXGroup;
			children = (
				4AE98BE0196909580080A597 /* ScribbbbbleTests-Info.plist */,
				4AE98BE1196909580080A597 /* InfoPlist.strings */,
			);
			name = "Supporting Files";
			sourceTree = "<group>";
		};
/* End PBXGroup section */

/* Begin PBXNativeTarget section */
		4AE98BBB196909580080A597 /* Scribbbbble */ = {
			isa = PBXNativeTarget;
			buildConfigurationList = 4AE98BE8196909580080A597 /* Build configuration list for PBXNativeTarget "Scribbbbble" */;
			buildPhases = (
				4AE98BB8196909580080A597 /* Sources */,
				4AE98BB9196909580080A597 /* Frameworks */,
				4AE98BBA196909580080A597 /* Resources */,
			);
			buildRules = (
			);
			dependencies = (
			);
			name = Scribbbbble;
			productName = Scribbbbble;
			productReference = 4AE98BBC196909580080A597 /* Scribbbbble.app */;
			productType = "com.apple.product-type.application";
		};
		4AE98BD6196909580080A597 /* ScribbbbbleTests */ = {
			isa = PBXNativeTarget;
			buildConfigurationList = 4AE98BEB196909580080A597 /* Build configuration list for PBXNativeTarget "ScribbbbbleTests" */;
			buildPhases = (
				4AE98BD3196909580080A597 /* Sources */,
				4AE98BD4196909580080A597 /* Frameworks */,
				4AE98BD5196909580080A597 /* Resources */,
			);
			buildRules = (
			);
			dependencies = (
				4AE98BDD196909580080A597 /* PBXTargetDependency */,
			);
			name = ScribbbbbleTests;
			productName = ScribbbbbleTests;
			productReference = 4AE98BD7196909580080A597 /* ScribbbbbleTests.xctest */;
			productType = "com.apple.product-type.bundle.unit-test";
		};
/* End PBXNativeTarget section */

/* Begin PBXProject section */
		4AE98BB4196909580080A597 /* Project object */ = {
			isa = PBXProject;
			attributes = {
				LastUpgradeCheck = 0500;
				ORGANIZATIONNAME = Llch;
				TargetAttributes = {
					4AE98BD6196909580080A597 = {
						TestTargetID = 4AE98BBB196909580080A597;
					};
				};
			};
			buildConfigurationList = 4AE98BB7196909580080A597 /* Build configuration list for PBXProject "Scribbbbble" */;
			compatibilityVersion = "Xcode 3.2";
			developmentRegion = English;
			hasScannedForEncodings = 0;
			knownRegions = (
				en,
			);
			mainGroup = 4AE98BB3196909580080A597;
			productRefGroup = 4AE98BBD196909580080A597 /* Products */;
			projectDirPath = "";
			projectRoot = "";
			targets = (
				4AE98BBB196909580080A597 /* Scribbbbble */,
				4AE98BD6196909580080A597 /* ScribbbbbleTests */,
			);
		};
/* End PBXProject section */

/* Begin PBXResourcesBuildPhase section */
		4AE98BBA196909580080A597 /* Resources */ = {
			isa = PBXResourcesBuildPhase;
			buildActionMask = 2147483647;
			files = (
				4AE98BCA196909580080A597 /* InfoPlist.strings in Resources */,
				4AE98BD2196909580080A597 /* Images.xcassets in Resources */,
			);
			runOnlyForDeploymentPostprocessing = 0;
		};
		4AE98BD5196909580080A597 /* Resources */ = {
			isa = PBXResourcesBuildPhase;
			buildActionMask = 2147483647;
			files = (
				4AE98BE3196909580080A597 /* InfoPlist.strings in Resources */,
			);
			runOnlyForDeploymentPostprocessing = 0;
		};
/* End PBXResourcesBuildPhase section */

/* Begin PBXSourcesBuildPhase section */
		4AE98BB8196909580080A597 /* Sources */ = {
			isa = PBXSourcesBuildPhase;
			buildActionMask = 2147483647;
			files = (
				4AE98BD0196909580080A597 /* AppDelegate.m in Sources */,
				4A4103C419693BBF003A8204 /* Stroke.m in Sources */,
				4A5873F2196B950700F64013 /* ClothCanvasView.m in Sources */,
				4A4103B819690EEB003A8204 /* Vertex.m in Sources */,
				4A5873EF196B94EB00F64013 /* PaperCanvasView.m in Sources */,
				4A5873F5196B95F000F64013 /* PaperCanvasViewGenerator.m in Sources */,
				4AE98BCC196909580080A597 /* main.m in Sources */,
				4A5873E9196B8CA800F64013 /* CanvasView.m in Sources */,
				4A5873FB196B980F00F64013 /* CanvasViewController.m in Sources */,
				4A5873E6196B8B9800F64013 /* CanvasViewGenerator.m in Sources */,
				4A5873F8196B960400F64013 /* ClothCanvasViewGenerator.m in Sources */,
				4A4103BB19692896003A8204 /* Dot.m in Sources */,
			);
			runOnlyForDeploymentPostprocessing = 0;
		};
		4AE98BD3196909580080A597 /* Sources */ = {
			isa = PBXSourcesBuildPhase;
			buildActionMask = 2147483647;
			files = (
				4AE98BE5196909580080A597 /* ScribbbbbleTests.m in Sources */,
			);
			runOnlyForDeploymentPostprocessing = 0;
		};
/* End PBXSourcesBuildPhase section */

/* Begin PBXTargetDependency section */
		4AE98BDD196909580080A597 /* PBXTargetDependency */ = {
			isa = PBXTargetDependency;
			target = 4AE98BBB196909580080A597 /* Scribbbbble */;
			targetProxy = 4AE98BDC196909580080A597 /* PBXContainerItemProxy */;
		};
/* End PBXTargetDependency section */

/* Begin PBXVariantGroup section */
		4AE98BC8196909580080A597 /* InfoPlist.strings */ = {
			isa = PBXVariantGroup;
			children = (
				4AE98BC9196909580080A597 /* en */,
			);
			name = InfoPlist.strings;
			sourceTree = "<group>";
		};
		4AE98BE1196909580080A597 /* InfoPlist.strings */ = {
			isa = PBXVariantGroup;
			children = (
				4AE98BE2196909580080A597 /* en */,
			);
			name = InfoPlist.strings;
			sourceTree = "<group>";
		};
/* End PBXVariantGroup section */

/* Begin XCBuildConfiguration section */
		4AE98BE6196909580080A597 /* Debug */ = {
			isa = XCBuildConfiguration;
			buildSettings = {
				ALWAYS_SEARCH_USER_PATHS = NO;
				ARCHS = "$(ARCHS_STANDARD_INCLUDING_64_BIT)";
				CLANG_CXX_LANGUAGE_STANDARD = "gnu++0x";
				CLANG_CXX_LIBRARY = "libc++";
				CLANG_ENABLE_MODULES = YES;
				CLANG_ENABLE_OBJC_ARC = NO;
				CLANG_WARN_BOOL_CONVERSION = YES;
				CLANG_WARN_CONSTANT_CONVERSION = YES;
				CLANG_WARN_DIRECT_OBJC_ISA_USAGE = YES_ERROR;
				CLANG_WARN_EMPTY_BODY = YES;
				CLANG_WARN_ENUM_CONVERSION = YES;
				CLANG_WARN_INT_CONVERSION = YES;
				CLANG_WARN_OBJC_ROOT_CLASS = YES_ERROR;
				CLANG_WARN__DUPLICATE_METHOD_MATCH = YES;
				"CODE_SIGN_IDENTITY[sdk=iphoneos*]" = "iPhone Developer";
				COPY_PHASE_STRIP = NO;
				GCC_C_LANGUAGE_STANDARD = gnu99;
				GCC_DYNAMIC_NO_PIC = NO;
				GCC_OPTIMIZATION_LEVEL = 0;
				GCC_PREPROCESSOR_DEFINITIONS = (
					"DEBUG=1",
					"$(inherited)",
				);
				GCC_SYMBOLS_PRIVATE_EXTERN = NO;
				GCC_WARN_64_TO_32_BIT_CONVERSION = YES;
				GCC_WARN_ABOUT_RETURN_TYPE = YES_ERROR;
				GCC_WARN_UNDECLARED_SELECTOR = YES;
				GCC_WARN_UNINITIALIZED_AUTOS = YES;
				GCC_WARN_UNUSED_FUNCTION = YES;
				GCC_WARN_UNUSED_VARIABLE = YES;
				IPHONEOS_DEPLOYMENT_TARGET = 7.0;
				ONLY_ACTIVE_ARCH = YES;
				SDKROOT = iphoneos;
			};
			name = Debug;
		};
		4AE98BE7196909580080A597 /* Release */ = {
			isa = XCBuildConfiguration;
			buildSettings = {
				ALWAYS_SEARCH_USER_PATHS = NO;
				ARCHS = "$(ARCHS_STANDARD_INCLUDING_64_BIT)";
				CLANG_CXX_LANGUAGE_STANDARD = "gnu++0x";
				CLANG_CXX_LIBRARY = "libc++";
				CLANG_ENABLE_MODULES = YES;
				CLANG_ENABLE_OBJC_ARC = NO;
				CLANG_WARN_BOOL_CONVERSION = YES;
				CLANG_WARN_CONSTANT_CONVERSION = YES;
				CLANG_WARN_DIRECT_OBJC_ISA_USAGE = YES_ERROR;
				CLANG_WARN_EMPTY_BODY = YES;
				CLANG_WARN_ENUM_CONVERSION = YES;
				CLANG_WARN_INT_CONVERSION = YES;
				CLANG_WARN_OBJC_ROOT_CLASS = YES_ERROR;
				CLANG_WARN__DUPLICATE_METHOD_MATCH = YES;
				"CODE_SIGN_IDENTITY[sdk=iphoneos*]" = "iPhone Developer";
				COPY_PHASE_STRIP = YES;
				ENABLE_NS_ASSERTIONS = NO;
				GCC_C_LANGUAGE_STANDARD = gnu99;
				GCC_WARN_64_TO_32_BIT_CONVERSION = YES;
				GCC_WARN_ABOUT_RETURN_TYPE = YES_ERROR;
				GCC_WARN_UNDECLARED_SELECTOR = YES;
				GCC_WARN_UNINITIALIZED_AUTOS = YES;
				GCC_WARN_UNUSED_FUNCTION = YES;
				GCC_WARN_UNUSED_VARIABLE = YES;
				IPHONEOS_DEPLOYMENT_TARGET = 7.0;
				SDKROOT = iphoneos;
				VALIDATE_PRODUCT = YES;
			};
			name = Release;
		};
		4AE98BE9196909580080A597 /* Debug */ = {
			isa = XCBuildConfiguration;
			buildSettings = {
				ASSETCATALOG_COMPILER_APPICON_NAME = AppIcon;
				ASSETCATALOG_COMPILER_LAUNCHIMAGE_NAME = LaunchImage;
				CLANG_WARN__ARC_BRIDGE_CAST_NONARC = YES;
				GCC_PRECOMPILE_PREFIX_HEADER = YES;
				GCC_PREFIX_HEADER = "Scribbbbble/Scribbbbble-Prefix.pch";
				INFOPLIST_FILE = "Scribbbbble/Scribbbbble-Info.plist";
				PRODUCT_NAME = "$(TARGET_NAME)";
				WRAPPER_EXTENSION = app;
			};
			name = Debug;
		};
		4AE98BEA196909580080A597 /* Release */ = {
			isa = XCBuildConfiguration;
			buildSettings = {
				ASSETCATALOG_COMPILER_APPICON_NAME = AppIcon;
				ASSETCATALOG_COMPILER_LAUNCHIMAGE_NAME = LaunchImage;
				CLANG_WARN__ARC_BRIDGE_CAST_NONARC = YES;
				GCC_PRECOMPILE_PREFIX_HEADER = YES;
				GCC_PREFIX_HEADER = "Scribbbbble/Scribbbbble-Prefix.pch";
				INFOPLIST_FILE = "Scribbbbble/Scribbbbble-Info.plist";
				PRODUCT_NAME = "$(TARGET_NAME)";
				WRAPPER_EXTENSION = app;
			};
			name = Release;
		};
		4AE98BEC196909580080A597 /* Debug */ = {
			isa = XCBuildConfiguration;
			buildSettings = {
				ARCHS = "$(ARCHS_STANDARD_INCLUDING_64_BIT)";
				BUNDLE_LOADER = "$(BUILT_PRODUCTS_DIR)/Scribbbbble.app/Scribbbbble";
				FRAMEWORK_SEARCH_PATHS = (
					"$(SDKROOT)/Developer/Library/Frameworks",
					"$(inherited)",
					"$(DEVELOPER_FRAMEWORKS_DIR)",
				);
				GCC_PRECOMPILE_PREFIX_HEADER = YES;
				GCC_PREFIX_HEADER = "Scribbbbble/Scribbbbble-Prefix.pch";
				GCC_PREPROCESSOR_DEFINITIONS = (
					"DEBUG=1",
					"$(inherited)",
				);
				INFOPLIST_FILE = "ScribbbbbleTests/ScribbbbbleTests-Info.plist";
				PRODUCT_NAME = "$(TARGET_NAME)";
				TEST_HOST = "$(BUNDLE_LOADER)";
				WRAPPER_EXTENSION = xctest;
			};
			name = Debug;
		};
		4AE98BED196909580080A597 /* Release */ = {
			isa = XCBuildConfiguration;
			buildSettings = {
				ARCHS = "$(ARCHS_STANDARD_INCLUDING_64_BIT)";
				BUNDLE_LOADER = "$(BUILT_PRODUCTS_DIR)/Scribbbbble.app/Scribbbbble";
				FRAMEWORK_SEARCH_PATHS = (
					"$(SDKROOT)/Developer/Library/Frameworks",
					"$(inherited)",
					"$(DEVELOPER_FRAMEWORKS_DIR)",
				);
				GCC_PRECOMPILE_PREFIX_HEADER = YES;
				GCC_PREFIX_HEADER = "Scribbbbble/Scribbbbble-Prefix.pch";
				INFOPLIST_FILE = "ScribbbbbleTests/ScribbbbbleTests-Info.plist";
				PRODUCT_NAME = "$(TARGET_NAME)";
				TEST_HOST = "$(BUNDLE_LOADER)";
				WRAPPER_EXTENSION = xctest;
			};
			name = Release;
		};
/* End XCBuildConfiguration section */

/* Begin XCConfigurationList section */
		4AE98BB7196909580080A597 /* Build configuration list for PBXProject "Scribbbbble" */ = {
			isa = XCConfigurationList;
			buildConfigurations = (
				4AE98BE6196909580080A597 /* Debug */,
				4AE98BE7196909580080A597 /* Release */,
			);
			defaultConfigurationIsVisible = 0;
			defaultConfigurationName = Release;
		};
		4AE98BE8196909580080A597 /* Build configuration list for PBXNativeTarget "Scribbbbble" */ = {
			isa = XCConfigurationList;
			buildConfigurations = (
				4AE98BE9196909580080A597 /* Debug */,
				4AE98BEA196909580080A597 /* Release */,
			);
			defaultConfigurationIsVisible = 0;
			defaultConfigurationName = Release;
		};
		4AE98BEB196909580080A597 /* Build configuration list for PBXNativeTarget "ScribbbbbleTests" */ = {
			isa = XCConfigurationList;
			buildConfigurations = (
				4AE98BEC196909580080A597 /* Debug */,
				4AE98BED196909580080A597 /* Release */,
			);
			defaultConfigurationIsVisible = 0;
			defaultConfigurationName = Release;
		};
/* End XCConfigurationList section */
	};
	rootObject = 4AE98BB4196909580080A597 /* Project object */;
}
